
Microsoft Visual Studio Solution File, Format Version 12.00
# Visual Studio Version 16
VisualStudioVersion = 16.0.31624.102
MinimumVisualStudioVersion = 10.0.40219.1
Project("{9A19103F-16F7-4668-BE54-9A1E7A4F7556}") = "Factory", "AbstractFactory\Factory.csproj", "{AA4DE73B-408B-4A25-B469-C8A3B666BAC5}"
EndProject
Project("{2150E333-8FDC-42A3-9474-1A3956D46DE8}") = "Creational", "Creational", "{26412E74-1C3F-4A8B-998D-A96DFBD6B0AE}"
EndProject
Global
	GlobalSection(SolutionConfigurationPlatforms) = preSolution
		Debug|Any CPU = Debug|Any CPU
		Release|Any CPU = Release|Any CPU
	EndGlobalSection
	GlobalSection(ProjectConfigurationPlatforms) = postSolution
		{AA4DE73B-408B-4A25-B469-C8A3B666BAC5}.Debug|Any CPU.ActiveCfg = Debug|Any CPU
		{AA4DE73B-408B-4A25-B469-C8A3B666BAC5}.Debug|Any CPU.Build.0 = Debug|Any CPU
		{AA4DE73B-408B-4A25-B469-C8A3B666BAC5}.Release|Any CPU.ActiveCfg = Release|Any CPU
		{AA4DE73B-408B-4A25-B469-C8A3B666BAC5}.Release|Any CPU.Build.0 = Release|Any CPU
	EndGlobalSection
	GlobalSection(SolutionProperties) = preSolution
		HideSolutionNode = FALSE
	EndGlobalSection
	GlobalSection(NestedProjects) = preSolution
		{AA4DE73B-408B-4A25-B469-C8A3B666BAC5} = {26412E74-1C3F-4A8B-998D-A96DFBD6B0AE}
	EndGlobalSection
	GlobalSection(ExtensibilityGlobals) = postSolution
		SolutionGuid = {8858F3FD-ACFD-4B88-895F-B04F7342AD88}
	EndGlobalSection
EndGlobal
